
Microsoft Visual Studio Solution File, Format Version 12.00
# Visual Studio Version 17
VisualStudioVersion = 17.5.33402.96
MinimumVisualStudioVersion = 10.0.40219.1
Project("{FAE04EC0-301F-11D3-BF4B-00C04F79EFBC}") = "Prog_124_W23_Lecture_13_Generics", "Prog_124_W23_Lecture_13_Generics.csproj", "{38C5B3D6-D2B8-4A37-AA44-3487E3E4C71D}"
EndProject
Global
	GlobalSection(SolutionConfigurationPlatforms) = preSolution
		Debug|Any CPU = Debug|Any CPU
		Release|Any CPU = Release|Any CPU
	EndGlobalSection
	GlobalSection(ProjectConfigurationPlatforms) = postSolution
		{38C5B3D6-D2B8-4A37-AA44-3487E3E4C71D}.Debug|Any CPU.ActiveCfg = Debug|Any CPU
		{38C5B3D6-D2B8-4A37-AA44-3487E3E4C71D}.Debug|Any CPU.Build.0 = Debug|Any CPU
		{38C5B3D6-D2B8-4A37-AA44-3487E3E4C71D}.Release|Any CPU.ActiveCfg = Release|Any CPU
		{38C5B3D6-D2B8-4A37-AA44-3487E3E4C71D}.Release|Any CPU.Build.0 = Release|Any CPU
	EndGlobalSection
	GlobalSection(SolutionProperties) = preSolution
		HideSolutionNode = FALSE
	EndGlobalSection
	GlobalSection(ExtensibilityGlobals) = postSolution
		SolutionGuid = {FA30A41A-6635-4489-BB3E-B3DB89C04106}
	EndGlobalSection
EndGlobal
